// !$*UTF8*$!
{
	archiveVersion = 1;
	classes = {
	};
	objectVersion = 46;
	objects = {

/* Begin PBXBuildFile section */
		2D61984F1B9D68B500A3CABF /* main.m in Sources */ = {isa = PBXBuildFile; fileRef = 2D61984E1B9D68B500A3CABF /* main.m */; };
		2D6198521B9D68B500A3CABF /* AppDelegate.m in Sources */ = {isa = PBXBuildFile; fileRef = 2D6198511B9D68B500A3CABF /* AppDelegate.m */; };
		2D6198551B9D68B600A3CABF /* ViewController.m in Sources */ = {isa = PBXBuildFile; fileRef = 2D6198541B9D68B600A3CABF /* ViewController.m */; };
		2D6198581B9D68B600A3CABF /* Main.storyboard in Resources */ = {isa = PBXBuildFile; fileRef = 2D6198561B9D68B600A3CABF /* Main.storyboard */; };
		2D61985A1B9D68B600A3CABF /* Images.xcassets in Resources */ = {isa = PBXBuildFile; fileRef = 2D6198591B9D68B600A3CABF /* Images.xcassets */; };
		2D61985D1B9D68B600A3CABF /* LaunchScreen.xib in Resources */ = {isa = PBXBuildFile; fileRef = 2D61985B1B9D68B600A3CABF /* LaunchScreen.xib */; };
		2D6198691B9D68B600A3CABF /* PageViewControllerDemoTests.m in Sources */ = {isa = PBXBuildFile; fileRef = 2D6198681B9D68B600A3CABF /* PageViewControllerDemoTests.m */; };
		2D6198741B9D690C00A3CABF /* DetailViewController.m in Sources */ = {isa = PBXBuildFile; fileRef = 2D6198731B9D690C00A3CABF /* DetailViewController.m */; };
/* End PBXBuildFile section */

/* Begin PBXContainerItemProxy section */
		2D6198631B9D68B600A3CABF /* PBXContainerItemProxy */ = {
			isa = PBXContainerItemProxy;
			containerPortal = 2D6198411B9D68B500A3CABF /* Project object */;
			proxyType = 1;
			remoteGlobalIDString = 2D6198481B9D68B500A3CABF;
			remoteInfo = PageViewControllerDemo;
		};
/* End PBXContainerItemProxy section */

/* Begin PBXFileReference section */
		2D6198491B9D68B500A3CABF /* PageViewControllerDemo.app */ = {isa = PBXFileReference; explicitFileType = wrapper.application; includeInIndex = 0; path = PageViewControllerDemo.app; sourceTree = BUILT_PRODUCTS_DIR; };
		2D61984D1B9D68B500A3CABF /* Info.plist */ = {isa = PBXFileReference; lastKnownFileType = text.plist.xml; path = Info.plist; sourceTree = "<group>"; };
		2D61984E1B9D68B500A3CABF /* main.m */ = {isa = PBXFileReference; lastKnownFileType = sourcecode.c.objc; path = main.m; sourceTree = "<group>"; };
		2D6198501B9D68B500A3CABF /* AppDelegate.h */ = {isa = PBXFileReference; lastKnownFileType = sourcecode.c.h; path = AppDelegate.h; sourceTree = "<group>"; };
		2D6198511B9D68B500A3CABF /* AppDelegate.m */ = {isa = PBXFileReference; lastKnownFileType = sourcecode.c.objc; path = AppDelegate.m; sourceTree = "<group>"; };
		2D6198531B9D68B600A3CABF /* ViewController.h */ = {isa = PBXFileReference; lastKnownFileType = sourcecode.c.h; path = ViewController.h; sourceTree = "<group>"; };
		2D6198541B9D68B600A3CABF /* ViewController.m */ = {isa = PBXFileReference; lastKnownFileType = sourcecode.c.objc; path = ViewController.m; sourceTree = "<group>"; };
		2D6198571B9D68B600A3CABF /* Base */ = {isa = PBXFileReference; lastKnownFileType = file.storyboard; name = Base; path = Base.lproj/Main.storyboard; sourceTree = "<group>"; };
		2D6198591B9D68B600A3CABF /* Images.xcassets */ = {isa = PBXFileReference; lastKnownFileType = folder.assetcatalog; path = Images.xcassets; sourceTree = "<group>"; };
		2D61985C1B9D68B600A3CABF /* Base */ = {isa = PBXFileReference; lastKnownFileType = file.xib; name = Base; path = Base.lproj/LaunchScreen.xib; sourceTree = "<group>"; };
		2D6198621B9D68B600A3CABF /* PageViewControllerDemoTests.xctest */ = {isa = PBXFileReference; explicitFileType = wrapper.cfbundle; includeInIndex = 0; path = PageViewControllerDemoTests.xctest; sourceTree = BUILT_PRODUCTS_DIR; };
		2D6198671B9D68B600A3CABF /* Info.plist */ = {isa = PBXFileReference; lastKnownFileType = text.plist.xml; path = Info.plist; sourceTree = "<group>"; };
		2D6198681B9D68B600A3CABF /* PageViewControllerDemoTests.m */ = {isa = PBXFileReference; lastKnownFileType = sourcecode.c.objc; path = PageViewControllerDemoTests.m; sourceTree = "<group>"; };
		2D6198721B9D690C00A3CABF /* DetailViewController.h */ = {isa = PBXFileReference; fileEncoding = 4; lastKnownFileType = sourcecode.c.h; path = DetailViewController.h; sourceTree = "<group>"; };
		2D6198731B9D690C00A3CABF /* DetailViewController.m */ = {isa = PBXFileReference; fileEncoding = 4; lastKnownFileType = sourcecode.c.objc; path = DetailViewController.m; sourceTree = "<group>"; };
/* End PBXFileReference section */

/* Begin PBXFrameworksBuildPhase section */
		2D6198461B9D68B500A3CABF /* Frameworks */ = {
			isa = PBXFrameworksBuildPhase;
			buildActionMask = 2147483647;
			files = (
			);
			runOnlyForDeploymentPostprocessing = 0;
		};
		2D61985F1B9D68B600A3CABF /* Frameworks */ = {
			isa = PBXFrameworksBuildPhase;
			buildActionMask = 2147483647;
			files = (
			);
			runOnlyForDeploymentPostprocessing = 0;
		};
/* End PBXFrameworksBuildPhase section */

/* Begin PBXGroup section */
		2D6198401B9D68B500A3CABF = {
			isa = PBXGroup;
			children = (
				2D61984B1B9D68B500A3CABF /* PageViewControllerDemo */,
				2D6198651B9D68B600A3CABF /* PageViewControllerDemoTests */,
				2D61984A1B9D68B500A3CABF /* Products */,
			);
			sourceTree = "<group>";
		};
		2D61984A1B9D68B500A3CABF /* Products */ = {
			isa = PBXGroup;
			children = (
				2D6198491B9D68B500A3CABF /* PageViewControllerDemo.app */,
				2D6198621B9D68B600A3CABF /* PageViewControllerDemoTests.xctest */,
			);
			name = Products;
			sourceTree = "<group>";
		};
		2D61984B1B9D68B500A3CABF /* PageViewControllerDemo */ = {
			isa = PBXGroup;
			children = (
				2D6198501B9D68B500A3CABF /* AppDelegate.h */,
				2D6198511B9D68B500A3CABF /* AppDelegate.m */,
				2D6198531B9D68B600A3CABF /* ViewController.h */,
				2D6198541B9D68B600A3CABF /* ViewController.m */,
				2D6198561B9D68B600A3CABF /* Main.storyboard */,
				2D6198591B9D68B600A3CABF /* Images.xcassets */,
				2D61985B1B9D68B600A3CABF /* LaunchScreen.xib */,
				2D61984C1B9D68B500A3CABF /* Supporting Files */,
				2D6198721B9D690C00A3CABF /* DetailViewController.h */,
				2D6198731B9D690C00A3CABF /* DetailViewController.m */,
			);
			path = PageViewControllerDemo;
			sourceTree = "<group>";
		};
		2D61984C1B9D68B500A3CABF /* Supporting Files */ = {
			isa = PBXGroup;
			children = (
				2D61984D1B9D68B500A3CABF /* Info.plist */,
				2D61984E1B9D68B500A3CABF /* main.m */,
			);
			name = "Supporting Files";
			sourceTree = "<group>";
		};
		2D6198651B9D68B600A3CABF /* PageViewControllerDemoTests */ = {
			isa = PBXGroup;
			children = (
				2D6198681B9D68B600A3CABF /* PageViewControllerDemoTests.m */,
				2D6198661B9D68B600A3CABF /* Supporting Files */,
			);
			path = PageViewControllerDemoTests;
			sourceTree = "<group>";
		};
		2D6198661B9D68B600A3CABF /* Supporting Files */ = {
			isa = PBXGroup;
			children = (
				2D6198671B9D68B600A3CABF /* Info.plist */,
			);
			name = "Supporting Files";
			sourceTree = "<group>";
		};
/* End PBXGroup section */

/* Begin PBXNativeTarget section */
		2D6198481B9D68B500A3CABF /* PageViewControllerDemo */ = {
			isa = PBXNativeTarget;
			buildConfigurationList = 2D61986C1B9D68B600A3CABF /* Build configuration list for PBXNativeTarget "PageViewControllerDemo" */;
			buildPhases = (
				2D6198451B9D68B500A3CABF /* Sources */,
				2D6198461B9D68B500A3CABF /* Frameworks */,
				2D6198471B9D68B500A3CABF /* Resources */,
			);
			buildRules = (
			);
			dependencies = (
			);
			name = PageViewControllerDemo;
			productName = PageViewControllerDemo;
			productReference = 2D6198491B9D68B500A3CABF /* PageViewControllerDemo.app */;
			productType = "com.apple.product-type.application";
		};
		2D6198611B9D68B600A3CABF /* PageViewControllerDemoTests */ = {
			isa = PBXNativeTarget;
			buildConfigurationList = 2D61986F1B9D68B600A3CABF /* Build configuration list for PBXNativeTarget "PageViewControllerDemoTests" */;
			buildPhases = (
				2D61985E1B9D68B600A3CABF /* Sources */,
				2D61985F1B9D68B600A3CABF /* Frameworks */,
				2D6198601B9D68B600A3CABF /* Resources */,
			);
			buildRules = (
			);
			dependencies = (
				2D6198641B9D68B600A3CABF /* PBXTargetDependency */,
			);
			name = PageViewControllerDemoTests;
			productName = PageViewControllerDemoTests;
			productReference = 2D6198621B9D68B600A3CABF /* PageViewControllerDemoTests.xctest */;
			productType = "com.apple.product-type.bundle.unit-test";
		};
/* End PBXNativeTarget section */

/* Begin PBXProject section */
		2D6198411B9D68B500A3CABF /* Project object */ = {
			isa = PBXProject;
			attributes = {
				LastUpgradeCheck = 0640;
				ORGANIZATIONNAME = wangbo;
				TargetAttributes = {
					2D6198481B9D68B500A3CABF = {
						CreatedOnToolsVersion = 6.4;
					};
					2D6198611B9D68B600A3CABF = {
						CreatedOnToolsVersion = 6.4;
						TestTargetID = 2D6198481B9D68B500A3CABF;
					};
				};
			};
			buildConfigurationList = 2D6198441B9D68B500A3CABF /* Build configuration list for PBXProject "PageViewControllerDemo" */;
			compatibilityVersion = "Xcode 3.2";
			developmentRegion = English;
			hasScannedForEncodings = 0;
			knownRegions = (
				en,
				Base,
			);
			mainGroup = 2D6198401B9D68B500A3CABF;
			productRefGroup = 2D61984A1B9D68B500A3CABF /* Products */;
			projectDirPath = "";
			projectRoot = "";
			targets = (
				2D6198481B9D68B500A3CABF /* PageViewControllerDemo */,
				2D6198611B9D68B600A3CABF /* PageViewControllerDemoTests */,
			);
		};
/* End PBXProject section */

/* Begin PBXResourcesBuildPhase section */
		2D6198471B9D68B500A3CABF /* Resources */ = {
			isa = PBXResourcesBuildPhase;
			buildActionMask = 2147483647;
			files = (
				2D6198581B9D68B600A3CABF /* Main.storyboard in Resources */,
				2D61985D1B9D68B600A3CABF /* LaunchScreen.xib in Resources */,
				2D61985A1B9D68B600A3CABF /* Images.xcassets in Resources */,
			);
			runOnlyForDeploymentPostprocessing = 0;
		};
		2D6198601B9D68B600A3CABF /* Resources */ = {
			isa = PBXResourcesBuildPhase;
			buildActionMask = 2147483647;
			files = (
			);
			runOnlyForDeploymentPostprocessing = 0;
		};
/* End PBXResourcesBuildPhase section */

/* Begin PBXSourcesBuildPhase section */
		2D6198451B9D68B500A3CABF /* Sources */ = {
			isa = PBXSourcesBuildPhase;
			buildActionMask = 2147483647;
			files = (
				2D6198551B9D68B600A3CABF /* ViewController.m in Sources */,
				2D6198521B9D68B500A3CABF /* AppDelegate.m in Sources */,
				2D61984F1B9D68B500A3CABF /* main.m in Sources */,
				2D6198741B9D690C00A3CABF /* DetailViewController.m in Sources */,
			);
			runOnlyForDeploymentPostprocessing = 0;
		};
		2D61985E1B9D68B600A3CABF /* Sources */ = {
			isa = PBXSourcesBuildPhase;
			buildActionMask = 2147483647;
			files = (
				2D6198691B9D68B600A3CABF /* PageViewControllerDemoTests.m in Sources */,
			);
			runOnlyForDeploymentPostprocessing = 0;
		};
/* End PBXSourcesBuildPhase section */

/* Begin PBXTargetDependency section */
		2D6198641B9D68B600A3CABF /* PBXTargetDependency */ = {
			isa = PBXTargetDependency;
			target = 2D6198481B9D68B500A3CABF /* PageViewControllerDemo */;
			targetProxy = 2D6198631B9D68B600A3CABF /* PBXContainerItemProxy */;
		};
/* End PBXTargetDependency section */

/* Begin PBXVariantGroup section */
		2D6198561B9D68B600A3CABF /* Main.storyboard */ = {
			isa = PBXVariantGroup;
			children = (
				2D6198571B9D68B600A3CABF /* Base */,
			);
			name = Main.storyboard;
			sourceTree = "<group>";
		};
		2D61985B1B9D68B600A3CABF /* LaunchScreen.xib */ = {
			isa = PBXVariantGroup;
			children = (
				2D61985C1B9D68B600A3CABF /* Base */,
			);
			name = LaunchScreen.xib;
			sourceTree = "<group>";
		};
/* End PBXVariantGroup section */

/* Begin XCBuildConfiguration section */
		2D61986A1B9D68B600A3CABF /* Debug */ = {
			isa = XCBuildConfiguration;
			buildSettings = {
				ALWAYS_SEARCH_USER_PATHS = NO;
				CLANG_CXX_LANGUAGE_STANDARD = "gnu++0x";
				CLANG_CXX_LIBRARY = "libc++";
				CLANG_ENABLE_MODULES = YES;
				CLANG_ENABLE_OBJC_ARC = YES;
				CLANG_WARN_BOOL_CONVERSION = YES;
				CLANG_WARN_CONSTANT_CONVERSION = YES;
				CLANG_WARN_DIRECT_OBJC_ISA_USAGE = YES_ERROR;
				CLANG_WARN_EMPTY_BODY = YES;
				CLANG_WARN_ENUM_CONVERSION = YES;
				CLANG_WARN_INT_CONVERSION = YES;
				CLANG_WARN_OBJC_ROOT_CLASS = YES_ERROR;
				CLANG_WARN_UNREACHABLE_CODE = YES;
				CLANG_WARN__DUPLICATE_METHOD_MATCH = YES;
				"CODE_SIGN_IDENTITY[sdk=iphoneos*]" = "iPhone Developer";
				COPY_PHASE_STRIP = NO;
				DEBUG_INFORMATION_FORMAT = "dwarf-with-dsym";
				ENABLE_STRICT_OBJC_MSGSEND = YES;
				GCC_C_LANGUAGE_STANDARD = gnu99;
				GCC_DYNAMIC_NO_PIC = NO;
				GCC_NO_COMMON_BLOCKS = YES;
				GCC_OPTIMIZATION_LEVEL = 0;
				GCC_PREPROCESSOR_DEFINITIONS = (
					"DEBUG=1",
					"$(inherited)",
				);
				GCC_SYMBOLS_PRIVATE_EXTERN = NO;
				GCC_WARN_64_TO_32_BIT_CONVERSION = YES;
				GCC_WARN_ABOUT_RETURN_TYPE = YES_ERROR;
				GCC_WARN_UNDECLARED_SELECTOR = YES;
				GCC_WARN_UNINITIALIZED_AUTOS = YES_AGGRESSIVE;
				GCC_WARN_UNUSED_FUNCTION = YES;
				GCC_WARN_UNUSED_VARIABLE = YES;
				IPHONEOS_DEPLOYMENT_TARGET = 8.4;
				MTL_ENABLE_DEBUG_INFO = YES;
				ONLY_ACTIVE_ARCH = YES;
				SDKROOT = iphoneos;
				TARGETED_DEVICE_FAMILY = "1,2";
			};
			name = Debug;
		};
		2D61986B1B9D68B600A3CABF /* Release */ = {
			isa = XCBuildConfiguration;
			buildSettings = {
				ALWAYS_SEARCH_USER_PATHS = NO;
				CLANG_CXX_LANGUAGE_STANDARD = "gnu++0x";
				CLANG_CXX_LIBRARY = "libc++";
				CLANG_ENABLE_MODULES = YES;
				CLANG_ENABLE_OBJC_ARC = YES;
				CLANG_WARN_BOOL_CONVERSION = YES;
				CLANG_WARN_CONSTANT_CONVERSION = YES;
				CLANG_WARN_DIRECT_OBJC_ISA_USAGE = YES_ERROR;
				CLANG_WARN_EMPTY_BODY = YES;
				CLANG_WARN_ENUM_CONVERSION = YES;
				CLANG_WARN_INT_CONVERSION = YES;
				CLANG_WARN_OBJC_ROOT_CLASS = YES_ERROR;
				CLANG_WARN_UNREACHABLE_CODE = YES;
				CLANG_WARN__DUPLICATE_METHOD_MATCH = YES;
				"CODE_SIGN_IDENTITY[sdk=iphoneos*]" = "iPhone Developer";
				COPY_PHASE_STRIP = NO;
				DEBUG_INFORMATION_FORMAT = "dwarf-with-dsym";
				ENABLE_NS_ASSERTIONS = NO;
				ENABLE_STRICT_OBJC_MSGSEND = YES;
				GCC_C_LANGUAGE_STANDARD = gnu99;
				GCC_NO_COMMON_BLOCKS = YES;
				GCC_WARN_64_TO_32_BIT_CONVERSION = YES;
				GCC_WARN_ABOUT_RETURN_TYPE = YES_ERROR;
				GCC_WARN_UNDECLARED_SELECTOR = YES;
				GCC_WARN_UNINITIALIZED_AUTOS = YES_AGGRESSIVE;
				GCC_WARN_UNUSED_FUNCTION = YES;
				GCC_WARN_UNUSED_VARIABLE = YES;
				IPHONEOS_DEPLOYMENT_TARGET = 8.4;
				MTL_ENABLE_DEBUG_INFO = NO;
				SDKROOT = iphoneos;
				TARGETED_DEVICE_FAMILY = "1,2";
				VALIDATE_PRODUCT = YES;
			};
			name = Release;
		};
		2D61986D1B9D68B600A3CABF /* Debug */ = {
			isa = XCBuildConfiguration;
			buildSettings = {
				ASSETCATALOG_COMPILER_APPICON_NAME = AppIcon;
				INFOPLIST_FILE = PageViewControllerDemo/Info.plist;
				IPHONEOS_DEPLOYMENT_TARGET = 7.0;
				LD_RUNPATH_SEARCH_PATHS = "$(inherited) @executable_path/Frameworks";
				PRODUCT_NAME = "$(TARGET_NAME)";
			};
			name = Debug;
		};
		2D61986E1B9D68B600A3CABF /* Release */ = {
			isa = XCBuildConfiguration;
			buildSettings = {
				ASSETCATALOG_COMPILER_APPICON_NAME = AppIcon;
				INFOPLIST_FILE = PageViewControllerDemo/Info.plist;
				IPHONEOS_DEPLOYMENT_TARGET = 7.0;
				LD_RUNPATH_SEARCH_PATHS = "$(inherited) @executable_path/Frameworks";
				PRODUCT_NAME = "$(TARGET_NAME)";
			};
			name = Release;
		};
		2D6198701B9D68B600A3CABF /* Debug */ = {
			isa = XCBuildConfiguration;
			buildSettings = {
				BUNDLE_LOADER = "$(TEST_HOST)";
				FRAMEWORK_SEARCH_PATHS = (
					"$(SDKROOT)/Developer/Library/Frameworks",
					"$(inherited)",
				);
				GCC_PREPROCESSOR_DEFINITIONS = (
					"DEBUG=1",
					"$(inherited)",
				);
				INFOPLIST_FILE = PageViewControllerDemoTests/Info.plist;
				LD_RUNPATH_SEARCH_PATHS = "$(inherited) @executable_path/Frameworks @loader_path/Frameworks";
				PRODUCT_NAME = "$(TARGET_NAME)";
				TEST_HOST = "$(BUILT_PRODUCTS_DIR)/PageViewControllerDemo.app/PageViewControllerDemo";
			};
			name = Debug;
		};
		2D6198711B9D68B600A3CABF /* Release */ = {
			isa = XCBuildConfiguration;
			buildSettings = {
				BUNDLE_LOADER = "$(TEST_HOST)";
				FRAMEWORK_SEARCH_PATHS = (
					"$(SDKROOT)/Developer/Library/Frameworks",
					"$(inherited)",
				);
				INFOPLIST_FILE = PageViewControllerDemoTests/Info.plist;
				LD_RUNPATH_SEARCH_PATHS = "$(inherited) @executable_path/Frameworks @loader_path/Frameworks";
				PRODUCT_NAME = "$(TARGET_NAME)";
				TEST_HOST = "$(BUILT_PRODUCTS_DIR)/PageViewControllerDemo.app/PageViewControllerDemo";
			};
			name = Release;
		};
/* End XCBuildConfiguration section */

/* Begin XCConfigurationList section */
		2D6198441B9D68B500A3CABF /* Build configuration list for PBXProject "PageViewControllerDemo" */ = {
			isa = XCConfigurationList;
			buildConfigurations = (
				2D61986A1B9D68B600A3CABF /* Debug */,
				2D61986B1B9D68B600A3CABF /* Release */,
			);
			defaultConfigurationIsVisible = 0;
			defaultConfigurationName = Release;
		};
		2D61986C1B9D68B600A3CABF /* Build configuration list for PBXNativeTarget "PageViewControllerDemo" */ = {
			isa = XCConfigurationList;
			buildConfigurations = (
				2D61986D1B9D68B600A3CABF /* Debug */,
				2D61986E1B9D68B600A3CABF /* Release */,
			);
			defaultConfigurationIsVisible = 0;
			defaultConfigurationName = Release;
		};
		2D61986F1B9D68B600A3CABF /* Build configuration list for PBXNativeTarget "PageViewControllerDemoTests" */ = {
			isa = XCConfigurationList;
			buildConfigurations = (
				2D6198701B9D68B600A3CABF /* Debug */,
				2D6198711B9D68B600A3CABF /* Release */,
			);
			defaultConfigurationIsVisible = 0;
			defaultConfigurationName = Release;
		};
/* End XCConfigurationList section */
	};
	rootObject = 2D6198411B9D68B500A3CABF /* Project object */;
}
